# generated by rye
# use `rye lock` or `rye sync` to update this lockfile
#
# last locked with the following flags:
#   pre: false
#   features: []
#   all-features: false
#   with-sources: false
#   generate-hashes: false
#   universal: false

asgiref==3.8.1
    # via django
click==8.1.7
    # via python-dotenv
django==5.1.2
markupsafe==3.0.1
    # via werkzeug
python-dotenv==1.0.1
sqlparse==0.5.1
    # via django
werkzeug==3.0.4
