# generated by rye
# use `rye lock` or `rye sync` to update this lockfile
#
# last locked with the following flags:
#   pre: false
#   features: []
#   all-features: false
#   with-sources: false
#   generate-hashes: false
#   universal: false

argcomplete==3.5.1
    # via commitizen
asgiref==3.8.1
    # via django
charset-normalizer==3.4.0
    # via commitizen
click==8.1.7
    # via python-dotenv
colorama==0.4.6
    # via commitizen
commitizen==3.29.1
coverage==7.6.3
    # via pytest-cov
decli==0.6.2
    # via commitizen
django==5.1.2
    # via django-debug-toolbar
    # via django-extensions
django-debug-toolbar==4.4.6
django-extensions==3.2.3
execnet==2.1.1
    # via pytest-xdist
iniconfig==2.0.0
    # via pytest
isort==5.13.2
jinja2==3.1.4
    # via commitizen
markupsafe==3.0.1
    # via jinja2
    # via werkzeug
packaging==24.1
    # via commitizen
    # via pytest
pluggy==1.5.0
    # via pytest
prompt-toolkit==3.0.36
    # via questionary
pytest==8.3.3
    # via pytest-cov
    # via pytest-django
    # via pytest-xdist
pytest-cov==5.0.0
pytest-django==4.9.0
pytest-xdist==3.6.1
python-dotenv==1.0.1
pyyaml==6.0.2
    # via commitizen
questionary==2.0.1
    # via commitizen
sqlparse==0.5.1
    # via django
    # via django-debug-toolbar
termcolor==2.5.0
    # via commitizen
tomlkit==0.13.2
    # via commitizen
wcwidth==0.2.13
    # via prompt-toolkit
werkzeug==3.0.4
